
Microsoft Visual Studio Solution File, Format Version 12.00
# Visual Studio Version 17
VisualStudioVersion = 17.4.33213.308
MinimumVisualStudioVersion = 10.0.40219.1
Project("{FAE04EC0-301F-11D3-BF4B-00C04F79EFBC}") = "af_l6", "af_l6\af_l6.csproj", "{0E448569-E563-4493-9D07-75AACCC3B168}"
EndProject
Global
	GlobalSection(SolutionConfigurationPlatforms) = preSolution
		Debug|Any CPU = Debug|Any CPU
		Release|Any CPU = Release|Any CPU
	EndGlobalSection
	GlobalSection(ProjectConfigurationPlatforms) = postSolution
		{0E448569-E563-4493-9D07-75AACCC3B168}.Debug|Any CPU.ActiveCfg = Debug|Any CPU
		{0E448569-E563-4493-9D07-75AACCC3B168}.Debug|Any CPU.Build.0 = Debug|Any CPU
		{0E448569-E563-4493-9D07-75AACCC3B168}.Release|Any CPU.ActiveCfg = Release|Any CPU
		{0E448569-E563-4493-9D07-75AACCC3B168}.Release|Any CPU.Build.0 = Release|Any CPU
	EndGlobalSection
	GlobalSection(SolutionProperties) = preSolution
		HideSolutionNode = FALSE
	EndGlobalSection
	GlobalSection(ExtensibilityGlobals) = postSolution
		SolutionGuid = {187681DC-1B74-49F5-9455-37C92CC58FC0}
	EndGlobalSection
EndGlobal
