
Microsoft Visual Studio Solution File, Format Version 12.00
# Visual Studio Version 17
VisualStudioVersion = 17.4.33213.308
MinimumVisualStudioVersion = 10.0.40219.1
Project("{FAE04EC0-301F-11D3-BF4B-00C04F79EFBC}") = "af_c9", "af_c9\af_c9.csproj", "{6BCF9714-EA66-49E0-98E4-7FC878527764}"
EndProject
Global
	GlobalSection(SolutionConfigurationPlatforms) = preSolution
		Debug|Any CPU = Debug|Any CPU
		Release|Any CPU = Release|Any CPU
	EndGlobalSection
	GlobalSection(ProjectConfigurationPlatforms) = postSolution
		{6BCF9714-EA66-49E0-98E4-7FC878527764}.Debug|Any CPU.ActiveCfg = Debug|Any CPU
		{6BCF9714-EA66-49E0-98E4-7FC878527764}.Debug|Any CPU.Build.0 = Debug|Any CPU
		{6BCF9714-EA66-49E0-98E4-7FC878527764}.Release|Any CPU.ActiveCfg = Release|Any CPU
		{6BCF9714-EA66-49E0-98E4-7FC878527764}.Release|Any CPU.Build.0 = Release|Any CPU
	EndGlobalSection
	GlobalSection(SolutionProperties) = preSolution
		HideSolutionNode = FALSE
	EndGlobalSection
	GlobalSection(ExtensibilityGlobals) = postSolution
		SolutionGuid = {0121F494-EBC3-43F7-8966-8615075DB146}
	EndGlobalSection
EndGlobal
