
Microsoft Visual Studio Solution File, Format Version 12.00
# Visual Studio Version 17
VisualStudioVersion = 17.5.33627.172
MinimumVisualStudioVersion = 10.0.40219.1
Project("{FAE04EC0-301F-11D3-BF4B-00C04F79EFBC}") = "af_c11", "af_c11\af_c11.csproj", "{CE522237-D1E7-48B0-8E43-8AF6CB0F3F47}"
EndProject
Project("{FAE04EC0-301F-11D3-BF4B-00C04F79EFBC}") = "af_c10wfa", "af_c10wfa\af_c10wfa.csproj", "{8E1B0594-C8C6-489C-B013-AC4E945C56F0}"
EndProject
Global
	GlobalSection(SolutionConfigurationPlatforms) = preSolution
		Debug|Any CPU = Debug|Any CPU
		Release|Any CPU = Release|Any CPU
	EndGlobalSection
	GlobalSection(ProjectConfigurationPlatforms) = postSolution
		{CE522237-D1E7-48B0-8E43-8AF6CB0F3F47}.Debug|Any CPU.ActiveCfg = Debug|Any CPU
		{CE522237-D1E7-48B0-8E43-8AF6CB0F3F47}.Debug|Any CPU.Build.0 = Debug|Any CPU
		{CE522237-D1E7-48B0-8E43-8AF6CB0F3F47}.Release|Any CPU.ActiveCfg = Release|Any CPU
		{CE522237-D1E7-48B0-8E43-8AF6CB0F3F47}.Release|Any CPU.Build.0 = Release|Any CPU
		{8E1B0594-C8C6-489C-B013-AC4E945C56F0}.Debug|Any CPU.ActiveCfg = Debug|Any CPU
		{8E1B0594-C8C6-489C-B013-AC4E945C56F0}.Debug|Any CPU.Build.0 = Debug|Any CPU
		{8E1B0594-C8C6-489C-B013-AC4E945C56F0}.Release|Any CPU.ActiveCfg = Release|Any CPU
		{8E1B0594-C8C6-489C-B013-AC4E945C56F0}.Release|Any CPU.Build.0 = Release|Any CPU
	EndGlobalSection
	GlobalSection(SolutionProperties) = preSolution
		HideSolutionNode = FALSE
	EndGlobalSection
	GlobalSection(ExtensibilityGlobals) = postSolution
		SolutionGuid = {88BFA194-5DB7-42EB-BA25-F77005FB3F70}
	EndGlobalSection
EndGlobal
